github.com/dgravesa/go-parallel v0.0.0-20201125210439-3a4c4f89999b h1:nNv+lTdtbZXK+VXdQMymIxiC3jBPGW5aTC36/3ITW0M=
github.com/dgravesa/go-parallel v0.0.0-20201125210439-3a4c4f89999b/go.mod h1:JoWGhU5NYLSu+pg6VW0GK1P4K+WmoRNAhebyKGGtclA=
github.com/dgravesa/go-parallel v0.0.0-20201125223301-6207660ea315 h1:ZvdhKWynkWsknafnzB7e+Iwz/dFc5gc1U7BXZZAaCz0=
github.com/dgravesa/go-parallel v0.0.0-20201125223301-6207660ea315/go.mod h1:JoWGhU5NYLSu+pg6VW0GK1P4K+WmoRNAhebyKGGtclA=
github.com/dgravesa/go-parallel v0.0.0-20201125224502-05b15143ba85 h1:00enlwuZjaw92vR22JNuUSELIRZGgcmtY0F8aDz/S78=
github.com/dgravesa/go-parallel v0.0.0-20201125224502-05b15143ba85/go.mod h1:JoWGhU5NYLSu+pg6VW0GK1P4K+WmoRNAhebyKGGtclA=
github.com/dgravesa/go-parallel v0.0.0-20201126050056-7af39a1726fc h1:kUSU0LsKWy43DBRQ9nEGaP7J7MK0bhL2qV4ZAaacNQU=
github.com/dgravesa/go-parallel v0.0.0-20201126050056-7af39a1726fc/go.mod h1:JoWGhU5NYLSu+pg6VW0GK1P4K+WmoRNAhebyKGGtclA=
github.com/dgravesa/go-parallel v0.0.0-20201126051029-56c58c8e6e9b h1:obcjp7VnabAw7ESnMzjAsSbKlhJiNdoH77tRUEefIJ8=
github.com/dgravesa/go-parallel v0.0.0-20201126051029-56c58c8e6e9b/go.mod h1:JoWGhU5NYLSu+pg6VW0GK1P4K+WmoRNAhebyKGGtclA=
github.com/dgravesa/go-parallel v0.0.0-20201126203431-e3815c5a941e h1:P7fb4E8ni0MkLDECoIVL4PeU8Urz9jnFcDTyKO96gro=
github.com/dgravesa/go-parallel v0.1.0 h1:uRQq7G4lIAMbvVwUMzNOxaigX9hB2WBFp1qUbhs5M20=
github.com/dgravesa/go-parallel v0.1.0/go.mod h1:JoWGhU5NYLSu+pg6VW0GK1P4K+WmoRNAhebyKGGtclA=
github.com/dgravesa/go-parallel v0.2.0 h1:27090AWyk6XHeK+gnOVJ8C0anutANR/wU4HSOZaaoMA=
github.com/dgravesa/go-parallel v0.2.0/go.mod h1:JoWGhU5NYLSu+pg6VW0GK1P4K+WmoRNAhebyKGGtclA=
